// !$*UTF8*$!
{
	archiveVersion = 1;
	classes = {
	};
	objectVersion = 56;
	objects = {

/* Begin PBXBuildFile section */
		AEDD427F2BE18D34004F1038 /* RockWallAppTestApp.swift in Sources */ = {isa = PBXBuildFile; fileRef = AEDD427E2BE18D34004F1038 /* RockWallAppTestApp.swift */; };
		AEDD42812BE18D34004F1038 /* ContentView.swift in Sources */ = {isa = PBXBuildFile; fileRef = AEDD42802BE18D34004F1038 /* ContentView.swift */; };
		AEDD42832BE18D35004F1038 /* Assets.xcassets in Resources */ = {isa = PBXBuildFile; fileRef = AEDD42822BE18D35004F1038 /* Assets.xcassets */; };
		AEDD42872BE18D35004F1038 /* Preview Assets.xcassets in Resources */ = {isa = PBXBuildFile; fileRef = AEDD42862BE18D35004F1038 /* Preview Assets.xcassets */; };
		AEDD42912BE18D35004F1038 /* RockWallAppTestTests.swift in Sources */ = {isa = PBXBuildFile; fileRef = AEDD42902BE18D35004F1038 /* RockWallAppTestTests.swift */; };
		AEDD429B2BE18D35004F1038 /* RockWallAppTestUITests.swift in Sources */ = {isa = PBXBuildFile; fileRef = AEDD429A2BE18D35004F1038 /* RockWallAppTestUITests.swift */; };
		AEDD429D2BE18D35004F1038 /* RockWallAppTestUITestsLaunchTests.swift in Sources */ = {isa = PBXBuildFile; fileRef = AEDD429C2BE18D35004F1038 /* RockWallAppTestUITestsLaunchTests.swift */; };
		AEDD42AA2BE18D58004F1038 /* ProfileView.swift in Sources */ = {isa = PBXBuildFile; fileRef = AEDD42A92BE18D58004F1038 /* ProfileView.swift */; };
		AEDD42AC2BE18D6C004F1038 /* Profile.swift in Sources */ = {isa = PBXBuildFile; fileRef = AEDD42AB2BE18D6C004F1038 /* Profile.swift */; };
		AEDD42B02BE1919E004F1038 /* CheckInOutView.swift in Sources */ = {isa = PBXBuildFile; fileRef = AEDD42AF2BE1919E004F1038 /* CheckInOutView.swift */; };
		AEDD42B22BE191AA004F1038 /* ManageClimbsView.swift in Sources */ = {isa = PBXBuildFile; fileRef = AEDD42B12BE191AA004F1038 /* ManageClimbsView.swift */; };
		AEDD42B42BE191B6004F1038 /* RopeLogView.swift in Sources */ = {isa = PBXBuildFile; fileRef = AEDD42B32BE191B6004F1038 /* RopeLogView.swift */; };
		AEDD42B62BE1E890004F1038 /* Climb.swift in Sources */ = {isa = PBXBuildFile; fileRef = AEDD42B52BE1E890004F1038 /* Climb.swift */; };
		AEDD42B82BE1E901004F1038 /* ModelData.swift in Sources */ = {isa = PBXBuildFile; fileRef = AEDD42B72BE1E901004F1038 /* ModelData.swift */; };
		AEDD42BC2BE1EA74004F1038 /* ClimbRow.swift in Sources */ = {isa = PBXBuildFile; fileRef = AEDD42BB2BE1EA74004F1038 /* ClimbRow.swift */; };
		AEDD42BE2BE1F03D004F1038 /* climbsData.json in Resources */ = {isa = PBXBuildFile; fileRef = AEDD42BD2BE1F03D004F1038 /* climbsData.json */; };
		AEDD42C02BE1F5BE004F1038 /* ClimbList.swift in Sources */ = {isa = PBXBuildFile; fileRef = AEDD42BF2BE1F5BE004F1038 /* ClimbList.swift */; };
		AEDD42C22BE1F63E004F1038 /* ClimbDetail.swift in Sources */ = {isa = PBXBuildFile; fileRef = AEDD42C12BE1F63E004F1038 /* ClimbDetail.swift */; };
		AEDD42CC2BE3EE03004F1038 /* HomeView.swift in Sources */ = {isa = PBXBuildFile; fileRef = AEDD42CB2BE3EE03004F1038 /* HomeView.swift */; };
		AEDD42CE2BE3EEC1004F1038 /* LoginView.swift in Sources */ = {isa = PBXBuildFile; fileRef = AEDD42CD2BE3EEC1004F1038 /* LoginView.swift */; };
		AEDD43422BE4072E004F1038 /* profilesData.json in Resources */ = {isa = PBXBuildFile; fileRef = AEDD43412BE4072E004F1038 /* profilesData.json */; };
		AEDD43442BE41DBE004F1038 /* InView.swift in Sources */ = {isa = PBXBuildFile; fileRef = AEDD43432BE41DBE004F1038 /* InView.swift */; };
		AEDD43462BE41DCA004F1038 /* OutView.swift in Sources */ = {isa = PBXBuildFile; fileRef = AEDD43452BE41DCA004F1038 /* OutView.swift */; };
		AEDD43482BE41E5F004F1038 /* Todo.swift in Sources */ = {isa = PBXBuildFile; fileRef = AEDD43472BE41E5F004F1038 /* Todo.swift */; };
		AEDD434A2BE445C4004F1038 /* openingTasks.json in Resources */ = {isa = PBXBuildFile; fileRef = AEDD43492BE445C4004F1038 /* openingTasks.json */; };
		AEDD434C2BE44D8B004F1038 /* closingTasks.json in Resources */ = {isa = PBXBuildFile; fileRef = AEDD434B2BE44D8B004F1038 /* closingTasks.json */; };
/* End PBXBuildFile section */

/* Begin PBXContainerItemProxy section */
		AEDD428D2BE18D35004F1038 /* PBXContainerItemProxy */ = {
			isa = PBXContainerItemProxy;
			containerPortal = AEDD42732BE18D34004F1038 /* Project object */;
			proxyType = 1;
			remoteGlobalIDString = AEDD427A2BE18D34004F1038;
			remoteInfo = RockWallAppTest;
		};
		AEDD42972BE18D35004F1038 /* PBXContainerItemProxy */ = {
			isa = PBXContainerItemProxy;
			containerPortal = AEDD42732BE18D34004F1038 /* Project object */;
			proxyType = 1;
			remoteGlobalIDString = AEDD427A2BE18D34004F1038;
			remoteInfo = RockWallAppTest;
		};
/* End PBXContainerItemProxy section */

/* Begin PBXFileReference section */
		AEDD427B2BE18D34004F1038 /* RockWallAppTest.app */ = {isa = PBXFileReference; explicitFileType = wrapper.application; includeInIndex = 0; path = RockWallAppTest.app; sourceTree = BUILT_PRODUCTS_DIR; };
		AEDD427E2BE18D34004F1038 /* RockWallAppTestApp.swift */ = {isa = PBXFileReference; lastKnownFileType = sourcecode.swift; path = RockWallAppTestApp.swift; sourceTree = "<group>"; };
		AEDD42802BE18D34004F1038 /* ContentView.swift */ = {isa = PBXFileReference; lastKnownFileType = sourcecode.swift; path = ContentView.swift; sourceTree = "<group>"; };
		AEDD42822BE18D35004F1038 /* Assets.xcassets */ = {isa = PBXFileReference; lastKnownFileType = folder.assetcatalog; path = Assets.xcassets; sourceTree = "<group>"; };
		AEDD42842BE18D35004F1038 /* RockWallAppTest.entitlements */ = {isa = PBXFileReference; lastKnownFileType = text.plist.entitlements; path = RockWallAppTest.entitlements; sourceTree = "<group>"; };
		AEDD42862BE18D35004F1038 /* Preview Assets.xcassets */ = {isa = PBXFileReference; lastKnownFileType = folder.assetcatalog; path = "Preview Assets.xcassets"; sourceTree = "<group>"; };
		AEDD428C2BE18D35004F1038 /* RockWallAppTestTests.xctest */ = {isa = PBXFileReference; explicitFileType = wrapper.cfbundle; includeInIndex = 0; path = RockWallAppTestTests.xctest; sourceTree = BUILT_PRODUCTS_DIR; };
		AEDD42902BE18D35004F1038 /* RockWallAppTestTests.swift */ = {isa = PBXFileReference; lastKnownFileType = sourcecode.swift; path = RockWallAppTestTests.swift; sourceTree = "<group>"; };
		AEDD42962BE18D35004F1038 /* RockWallAppTestUITests.xctest */ = {isa = PBXFileReference; explicitFileType = wrapper.cfbundle; includeInIndex = 0; path = RockWallAppTestUITests.xctest; sourceTree = BUILT_PRODUCTS_DIR; };
		AEDD429A2BE18D35004F1038 /* RockWallAppTestUITests.swift */ = {isa = PBXFileReference; lastKnownFileType = sourcecode.swift; path = RockWallAppTestUITests.swift; sourceTree = "<group>"; };
		AEDD429C2BE18D35004F1038 /* RockWallAppTestUITestsLaunchTests.swift */ = {isa = PBXFileReference; lastKnownFileType = sourcecode.swift; path = RockWallAppTestUITestsLaunchTests.swift; sourceTree = "<group>"; };
		AEDD42A92BE18D58004F1038 /* ProfileView.swift */ = {isa = PBXFileReference; lastKnownFileType = sourcecode.swift; path = ProfileView.swift; sourceTree = "<group>"; };
		AEDD42AB2BE18D6C004F1038 /* Profile.swift */ = {isa = PBXFileReference; lastKnownFileType = sourcecode.swift; path = Profile.swift; sourceTree = "<group>"; };
		AEDD42AF2BE1919E004F1038 /* CheckInOutView.swift */ = {isa = PBXFileReference; lastKnownFileType = sourcecode.swift; path = CheckInOutView.swift; sourceTree = "<group>"; };
		AEDD42B12BE191AA004F1038 /* ManageClimbsView.swift */ = {isa = PBXFileReference; lastKnownFileType = sourcecode.swift; path = ManageClimbsView.swift; sourceTree = "<group>"; };
		AEDD42B32BE191B6004F1038 /* RopeLogView.swift */ = {isa = PBXFileReference; lastKnownFileType = sourcecode.swift; path = RopeLogView.swift; sourceTree = "<group>"; };
		AEDD42B52BE1E890004F1038 /* Climb.swift */ = {isa = PBXFileReference; lastKnownFileType = sourcecode.swift; path = Climb.swift; sourceTree = "<group>"; };
		AEDD42B72BE1E901004F1038 /* ModelData.swift */ = {isa = PBXFileReference; lastKnownFileType = sourcecode.swift; path = ModelData.swift; sourceTree = "<group>"; };
		AEDD42BB2BE1EA74004F1038 /* ClimbRow.swift */ = {isa = PBXFileReference; lastKnownFileType = sourcecode.swift; path = ClimbRow.swift; sourceTree = "<group>"; };
		AEDD42BD2BE1F03D004F1038 /* climbsData.json */ = {isa = PBXFileReference; fileEncoding = 4; lastKnownFileType = text.json; path = climbsData.json; sourceTree = "<group>"; };
		AEDD42BF2BE1F5BE004F1038 /* ClimbList.swift */ = {isa = PBXFileReference; lastKnownFileType = sourcecode.swift; path = ClimbList.swift; sourceTree = "<group>"; };
		AEDD42C12BE1F63E004F1038 /* ClimbDetail.swift */ = {isa = PBXFileReference; lastKnownFileType = sourcecode.swift; path = ClimbDetail.swift; sourceTree = "<group>"; };
		AEDD42CB2BE3EE03004F1038 /* HomeView.swift */ = {isa = PBXFileReference; lastKnownFileType = sourcecode.swift; path = HomeView.swift; sourceTree = "<group>"; };
		AEDD42CD2BE3EEC1004F1038 /* LoginView.swift */ = {isa = PBXFileReference; lastKnownFileType = sourcecode.swift; path = LoginView.swift; sourceTree = "<group>"; };
		AEDD43412BE4072E004F1038 /* profilesData.json */ = {isa = PBXFileReference; fileEncoding = 4; lastKnownFileType = text.json; path = profilesData.json; sourceTree = "<group>"; };
		AEDD43432BE41DBE004F1038 /* InView.swift */ = {isa = PBXFileReference; lastKnownFileType = sourcecode.swift; path = InView.swift; sourceTree = "<group>"; };
		AEDD43452BE41DCA004F1038 /* OutView.swift */ = {isa = PBXFileReference; lastKnownFileType = sourcecode.swift; path = OutView.swift; sourceTree = "<group>"; };
		AEDD43472BE41E5F004F1038 /* Todo.swift */ = {isa = PBXFileReference; lastKnownFileType = sourcecode.swift; path = Todo.swift; sourceTree = "<group>"; };
		AEDD43492BE445C4004F1038 /* openingTasks.json */ = {isa = PBXFileReference; fileEncoding = 4; lastKnownFileType = text.json; path = openingTasks.json; sourceTree = "<group>"; };
		AEDD434B2BE44D8B004F1038 /* closingTasks.json */ = {isa = PBXFileReference; fileEncoding = 4; lastKnownFileType = text.json; path = closingTasks.json; sourceTree = "<group>"; };
/* End PBXFileReference section */

/* Begin PBXFrameworksBuildPhase section */
		AEDD42782BE18D34004F1038 /* Frameworks */ = {
			isa = PBXFrameworksBuildPhase;
			buildActionMask = 2147483647;
			files = (
			);
			runOnlyForDeploymentPostprocessing = 0;
		};
		AEDD42892BE18D35004F1038 /* Frameworks */ = {
			isa = PBXFrameworksBuildPhase;
			buildActionMask = 2147483647;
			files = (
			);
			runOnlyForDeploymentPostprocessing = 0;
		};
		AEDD42932BE18D35004F1038 /* Frameworks */ = {
			isa = PBXFrameworksBuildPhase;
			buildActionMask = 2147483647;
			files = (
			);
			runOnlyForDeploymentPostprocessing = 0;
		};
/* End PBXFrameworksBuildPhase section */

/* Begin PBXGroup section */
		AEDD42722BE18D34004F1038 = {
			isa = PBXGroup;
			children = (
				AEDD427D2BE18D34004F1038 /* RockWallAppTest */,
				AEDD428F2BE18D35004F1038 /* RockWallAppTestTests */,
				AEDD42992BE18D35004F1038 /* RockWallAppTestUITests */,
				AEDD427C2BE18D34004F1038 /* Products */,
			);
			sourceTree = "<group>";
		};
		AEDD427C2BE18D34004F1038 /* Products */ = {
			isa = PBXGroup;
			children = (
				AEDD427B2BE18D34004F1038 /* RockWallAppTest.app */,
				AEDD428C2BE18D35004F1038 /* RockWallAppTestTests.xctest */,
				AEDD42962BE18D35004F1038 /* RockWallAppTestUITests.xctest */,
			);
			name = Products;
			sourceTree = "<group>";
		};
		AEDD427D2BE18D34004F1038 /* RockWallAppTest */ = {
			isa = PBXGroup;
			children = (
				AEDD427E2BE18D34004F1038 /* RockWallAppTestApp.swift */,
				AEDD42C32BE1FF65004F1038 /* Views */,
				AEDD42C52BE1FFA8004F1038 /* Routes */,
				AEDD42C42BE1FF8A004F1038 /* Data */,
				AEDD42822BE18D35004F1038 /* Assets.xcassets */,
				AEDD42842BE18D35004F1038 /* RockWallAppTest.entitlements */,
				AEDD42852BE18D35004F1038 /* Preview Content */,
			);
			path = RockWallAppTest;
			sourceTree = "<group>";
		};
		AEDD42852BE18D35004F1038 /* Preview Content */ = {
			isa = PBXGroup;
			children = (
				AEDD42862BE18D35004F1038 /* Preview Assets.xcassets */,
			);
			path = "Preview Content";
			sourceTree = "<group>";
		};
		AEDD428F2BE18D35004F1038 /* RockWallAppTestTests */ = {
			isa = PBXGroup;
			children = (
				AEDD42902BE18D35004F1038 /* RockWallAppTestTests.swift */,
			);
			path = RockWallAppTestTests;
			sourceTree = "<group>";
		};
		AEDD42992BE18D35004F1038 /* RockWallAppTestUITests */ = {
			isa = PBXGroup;
			children = (
				AEDD429A2BE18D35004F1038 /* RockWallAppTestUITests.swift */,
				AEDD429C2BE18D35004F1038 /* RockWallAppTestUITestsLaunchTests.swift */,
			);
			path = RockWallAppTestUITests;
			sourceTree = "<group>";
		};
		AEDD42C32BE1FF65004F1038 /* Views */ = {
			isa = PBXGroup;
			children = (
				AEDD42802BE18D34004F1038 /* ContentView.swift */,
				AEDD42CD2BE3EEC1004F1038 /* LoginView.swift */,
				AEDD42CB2BE3EE03004F1038 /* HomeView.swift */,
				AEDD42AF2BE1919E004F1038 /* CheckInOutView.swift */,
				AEDD43432BE41DBE004F1038 /* InView.swift */,
				AEDD43452BE41DCA004F1038 /* OutView.swift */,
				AEDD42B12BE191AA004F1038 /* ManageClimbsView.swift */,
				AEDD42B32BE191B6004F1038 /* RopeLogView.swift */,
				AEDD42A92BE18D58004F1038 /* ProfileView.swift */,
			);
			path = Views;
			sourceTree = "<group>";
		};
		AEDD42C42BE1FF8A004F1038 /* Data */ = {
			isa = PBXGroup;
			children = (
				AEDD42AB2BE18D6C004F1038 /* Profile.swift */,
				AEDD43472BE41E5F004F1038 /* Todo.swift */,
				AEDD42B52BE1E890004F1038 /* Climb.swift */,
				AEDD42B72BE1E901004F1038 /* ModelData.swift */,
				AEDD42BD2BE1F03D004F1038 /* climbsData.json */,
				AEDD43412BE4072E004F1038 /* profilesData.json */,
				AEDD43492BE445C4004F1038 /* openingTasks.json */,
				AEDD434B2BE44D8B004F1038 /* closingTasks.json */,
			);
			path = Data;
			sourceTree = "<group>";
		};
		AEDD42C52BE1FFA8004F1038 /* Routes */ = {
			isa = PBXGroup;
			children = (
				AEDD42C12BE1F63E004F1038 /* ClimbDetail.swift */,
				AEDD42BF2BE1F5BE004F1038 /* ClimbList.swift */,
				AEDD42BB2BE1EA74004F1038 /* ClimbRow.swift */,
			);
			path = Routes;
			sourceTree = "<group>";
		};
/* End PBXGroup section */

/* Begin PBXNativeTarget section */
		AEDD427A2BE18D34004F1038 /* RockWallAppTest */ = {
			isa = PBXNativeTarget;
			buildConfigurationList = AEDD42A02BE18D35004F1038 /* Build configuration list for PBXNativeTarget "RockWallAppTest" */;
			buildPhases = (
				AEDD42772BE18D34004F1038 /* Sources */,
				AEDD42782BE18D34004F1038 /* Frameworks */,
				AEDD42792BE18D34004F1038 /* Resources */,
			);
			buildRules = (
			);
			dependencies = (
			);
			name = RockWallAppTest;
			productName = RockWallAppTest;
			productReference = AEDD427B2BE18D34004F1038 /* RockWallAppTest.app */;
			productType = "com.apple.product-type.application";
		};
		AEDD428B2BE18D35004F1038 /* RockWallAppTestTests */ = {
			isa = PBXNativeTarget;
			buildConfigurationList = AEDD42A32BE18D35004F1038 /* Build configuration list for PBXNativeTarget "RockWallAppTestTests" */;
			buildPhases = (
				AEDD42882BE18D35004F1038 /* Sources */,
				AEDD42892BE18D35004F1038 /* Frameworks */,
				AEDD428A2BE18D35004F1038 /* Resources */,
			);
			buildRules = (
			);
			dependencies = (
				AEDD428E2BE18D35004F1038 /* PBXTargetDependency */,
			);
			name = RockWallAppTestTests;
			productName = RockWallAppTestTests;
			productReference = AEDD428C2BE18D35004F1038 /* RockWallAppTestTests.xctest */;
			productType = "com.apple.product-type.bundle.unit-test";
		};
		AEDD42952BE18D35004F1038 /* RockWallAppTestUITests */ = {
			isa = PBXNativeTarget;
			buildConfigurationList = AEDD42A62BE18D35004F1038 /* Build configuration list for PBXNativeTarget "RockWallAppTestUITests" */;
			buildPhases = (
				AEDD42922BE18D35004F1038 /* Sources */,
				AEDD42932BE18D35004F1038 /* Frameworks */,
				AEDD42942BE18D35004F1038 /* Resources */,
			);
			buildRules = (
			);
			dependencies = (
				AEDD42982BE18D35004F1038 /* PBXTargetDependency */,
			);
			name = RockWallAppTestUITests;
			productName = RockWallAppTestUITests;
			productReference = AEDD42962BE18D35004F1038 /* RockWallAppTestUITests.xctest */;
			productType = "com.apple.product-type.bundle.ui-testing";
		};
/* End PBXNativeTarget section */

/* Begin PBXProject section */
		AEDD42732BE18D34004F1038 /* Project object */ = {
			isa = PBXProject;
			attributes = {
				BuildIndependentTargetsInParallel = 1;
				LastSwiftUpdateCheck = 1530;
				LastUpgradeCheck = 1530;
				TargetAttributes = {
					AEDD427A2BE18D34004F1038 = {
						CreatedOnToolsVersion = 15.3;
					};
					AEDD428B2BE18D35004F1038 = {
						CreatedOnToolsVersion = 15.3;
						TestTargetID = AEDD427A2BE18D34004F1038;
					};
					AEDD42952BE18D35004F1038 = {
						CreatedOnToolsVersion = 15.3;
						TestTargetID = AEDD427A2BE18D34004F1038;
					};
				};
			};
			buildConfigurationList = AEDD42762BE18D34004F1038 /* Build configuration list for PBXProject "RockWallAppTest" */;
			compatibilityVersion = "Xcode 14.0";
			developmentRegion = en;
			hasScannedForEncodings = 0;
			knownRegions = (
				en,
				Base,
			);
			mainGroup = AEDD42722BE18D34004F1038;
			productRefGroup = AEDD427C2BE18D34004F1038 /* Products */;
			projectDirPath = "";
			projectRoot = "";
			targets = (
				AEDD427A2BE18D34004F1038 /* RockWallAppTest */,
				AEDD428B2BE18D35004F1038 /* RockWallAppTestTests */,
				AEDD42952BE18D35004F1038 /* RockWallAppTestUITests */,
			);
		};
/* End PBXProject section */

/* Begin PBXResourcesBuildPhase section */
		AEDD42792BE18D34004F1038 /* Resources */ = {
			isa = PBXResourcesBuildPhase;
			buildActionMask = 2147483647;
			files = (
				AEDD434A2BE445C4004F1038 /* openingTasks.json in Resources */,
				AEDD42872BE18D35004F1038 /* Preview Assets.xcassets in Resources */,
				AEDD434C2BE44D8B004F1038 /* closingTasks.json in Resources */,
				AEDD42832BE18D35004F1038 /* Assets.xcassets in Resources */,
				AEDD42BE2BE1F03D004F1038 /* climbsData.json in Resources */,
				AEDD43422BE4072E004F1038 /* profilesData.json in Resources */,
			);
			runOnlyForDeploymentPostprocessing = 0;
		};
		AEDD428A2BE18D35004F1038 /* Resources */ = {
			isa = PBXResourcesBuildPhase;
			buildActionMask = 2147483647;
			files = (
			);
			runOnlyForDeploymentPostprocessing = 0;
		};
		AEDD42942BE18D35004F1038 /* Resources */ = {
			isa = PBXResourcesBuildPhase;
			buildActionMask = 2147483647;
			files = (
			);
			runOnlyForDeploymentPostprocessing = 0;
		};
/* End PBXResourcesBuildPhase section */

/* Begin PBXSourcesBuildPhase section */
		AEDD42772BE18D34004F1038 /* Sources */ = {
			isa = PBXSourcesBuildPhase;
			buildActionMask = 2147483647;
			files = (
				AEDD42BC2BE1EA74004F1038 /* ClimbRow.swift in Sources */,
				AEDD42C02BE1F5BE004F1038 /* ClimbList.swift in Sources */,
				AEDD42CC2BE3EE03004F1038 /* HomeView.swift in Sources */,
				AEDD42C22BE1F63E004F1038 /* ClimbDetail.swift in Sources */,
				AEDD42B02BE1919E004F1038 /* CheckInOutView.swift in Sources */,
				AEDD42B42BE191B6004F1038 /* RopeLogView.swift in Sources */,
				AEDD42B82BE1E901004F1038 /* ModelData.swift in Sources */,
				AEDD42812BE18D34004F1038 /* ContentView.swift in Sources */,
				AEDD42CE2BE3EEC1004F1038 /* LoginView.swift in Sources */,
				AEDD42AC2BE18D6C004F1038 /* Profile.swift in Sources */,
				AEDD42AA2BE18D58004F1038 /* ProfileView.swift in Sources */,
				AEDD43462BE41DCA004F1038 /* OutView.swift in Sources */,
				AEDD42B62BE1E890004F1038 /* Climb.swift in Sources */,
				AEDD43442BE41DBE004F1038 /* InView.swift in Sources */,
				AEDD427F2BE18D34004F1038 /* RockWallAppTestApp.swift in Sources */,
				AEDD43482BE41E5F004F1038 /* Todo.swift in Sources */,
				AEDD42B22BE191AA004F1038 /* ManageClimbsView.swift in Sources */,
			);
			runOnlyForDeploymentPostprocessing = 0;
		};
		AEDD42882BE18D35004F1038 /* Sources */ = {
			isa = PBXSourcesBuildPhase;
			buildActionMask = 2147483647;
			files = (
				AEDD42912BE18D35004F1038 /* RockWallAppTestTests.swift in Sources */,
			);
			runOnlyForDeploymentPostprocessing = 0;
		};
		AEDD42922BE18D35004F1038 /* Sources */ = {
			isa = PBXSourcesBuildPhase;
			buildActionMask = 2147483647;
			files = (
				AEDD429B2BE18D35004F1038 /* RockWallAppTestUITests.swift in Sources */,
				AEDD429D2BE18D35004F1038 /* RockWallAppTestUITestsLaunchTests.swift in Sources */,
			);
			runOnlyForDeploymentPostprocessing = 0;
		};
/* End PBXSourcesBuildPhase section */

/* Begin PBXTargetDependency section */
		AEDD428E2BE18D35004F1038 /* PBXTargetDependency */ = {
			isa = PBXTargetDependency;
			target = AEDD427A2BE18D34004F1038 /* RockWallAppTest */;
			targetProxy = AEDD428D2BE18D35004F1038 /* PBXContainerItemProxy */;
		};
		AEDD42982BE18D35004F1038 /* PBXTargetDependency */ = {
			isa = PBXTargetDependency;
			target = AEDD427A2BE18D34004F1038 /* RockWallAppTest */;
			targetProxy = AEDD42972BE18D35004F1038 /* PBXContainerItemProxy */;
		};
/* End PBXTargetDependency section */

/* Begin XCBuildConfiguration section */
		AEDD429E2BE18D35004F1038 /* Debug */ = {
			isa = XCBuildConfiguration;
			buildSettings = {
				ALWAYS_SEARCH_USER_PATHS = NO;
				ASSETCATALOG_COMPILER_GENERATE_SWIFT_ASSET_SYMBOL_EXTENSIONS = YES;
				CLANG_ANALYZER_NONNULL = YES;
				CLANG_ANALYZER_NUMBER_OBJECT_CONVERSION = YES_AGGRESSIVE;
				CLANG_CXX_LANGUAGE_STANDARD = "gnu++20";
				CLANG_ENABLE_MODULES = YES;
				CLANG_ENABLE_OBJC_ARC = YES;
				CLANG_ENABLE_OBJC_WEAK = YES;
				CLANG_WARN_BLOCK_CAPTURE_AUTORELEASING = YES;
				CLANG_WARN_BOOL_CONVERSION = YES;
				CLANG_WARN_COMMA = YES;
				CLANG_WARN_CONSTANT_CONVERSION = YES;
				CLANG_WARN_DEPRECATED_OBJC_IMPLEMENTATIONS = YES;
				CLANG_WARN_DIRECT_OBJC_ISA_USAGE = YES_ERROR;
				CLANG_WARN_DOCUMENTATION_COMMENTS = YES;
				CLANG_WARN_EMPTY_BODY = YES;
				CLANG_WARN_ENUM_CONVERSION = YES;
				CLANG_WARN_INFINITE_RECURSION = YES;
				CLANG_WARN_INT_CONVERSION = YES;
				CLANG_WARN_NON_LITERAL_NULL_CONVERSION = YES;
				CLANG_WARN_OBJC_IMPLICIT_RETAIN_SELF = YES;
				CLANG_WARN_OBJC_LITERAL_CONVERSION = YES;
				CLANG_WARN_OBJC_ROOT_CLASS = YES_ERROR;
				CLANG_WARN_QUOTED_INCLUDE_IN_FRAMEWORK_HEADER = YES;
				CLANG_WARN_RANGE_LOOP_ANALYSIS = YES;
				CLANG_WARN_STRICT_PROTOTYPES = YES;
				CLANG_WARN_SUSPICIOUS_MOVE = YES;
				CLANG_WARN_UNGUARDED_AVAILABILITY = YES_AGGRESSIVE;
				CLANG_WARN_UNREACHABLE_CODE = YES;
				CLANG_WARN__DUPLICATE_METHOD_MATCH = YES;
				COPY_PHASE_STRIP = NO;
				DEBUG_INFORMATION_FORMAT = dwarf;
				ENABLE_STRICT_OBJC_MSGSEND = YES;
				ENABLE_TESTABILITY = YES;
				ENABLE_USER_SCRIPT_SANDBOXING = YES;
				GCC_C_LANGUAGE_STANDARD = gnu17;
				GCC_DYNAMIC_NO_PIC = NO;
				GCC_NO_COMMON_BLOCKS = YES;
				GCC_OPTIMIZATION_LEVEL = 0;
				GCC_PREPROCESSOR_DEFINITIONS = (
					"DEBUG=1",
					"$(inherited)",
				);
				GCC_WARN_64_TO_32_BIT_CONVERSION = YES;
				GCC_WARN_ABOUT_RETURN_TYPE = YES_ERROR;
				GCC_WARN_UNDECLARED_SELECTOR = YES;
				GCC_WARN_UNINITIALIZED_AUTOS = YES_AGGRESSIVE;
				GCC_WARN_UNUSED_FUNCTION = YES;
				GCC_WARN_UNUSED_VARIABLE = YES;
				LOCALIZATION_PREFERS_STRING_CATALOGS = YES;
				MTL_ENABLE_DEBUG_INFO = INCLUDE_SOURCE;
				MTL_FAST_MATH = YES;
				ONLY_ACTIVE_ARCH = YES;
				SWIFT_ACTIVE_COMPILATION_CONDITIONS = "DEBUG $(inherited)";
				SWIFT_OPTIMIZATION_LEVEL = "-Onone";
			};
			name = Debug;
		};
		AEDD429F2BE18D35004F1038 /* Release */ = {
			isa = XCBuildConfiguration;
			buildSettings = {
				ALWAYS_SEARCH_USER_PATHS = NO;
				ASSETCATALOG_COMPILER_GENERATE_SWIFT_ASSET_SYMBOL_EXTENSIONS = YES;
				CLANG_ANALYZER_NONNULL = YES;
				CLANG_ANALYZER_NUMBER_OBJECT_CONVERSION = YES_AGGRESSIVE;
				CLANG_CXX_LANGUAGE_STANDARD = "gnu++20";
				CLANG_ENABLE_MODULES = YES;
				CLANG_ENABLE_OBJC_ARC = YES;
				CLANG_ENABLE_OBJC_WEAK = YES;
				CLANG_WARN_BLOCK_CAPTURE_AUTORELEASING = YES;
				CLANG_WARN_BOOL_CONVERSION = YES;
				CLANG_WARN_COMMA = YES;
				CLANG_WARN_CONSTANT_CONVERSION = YES;
				CLANG_WARN_DEPRECATED_OBJC_IMPLEMENTATIONS = YES;
				CLANG_WARN_DIRECT_OBJC_ISA_USAGE = YES_ERROR;
				CLANG_WARN_DOCUMENTATION_COMMENTS = YES;
				CLANG_WARN_EMPTY_BODY = YES;
				CLANG_WARN_ENUM_CONVERSION = YES;
				CLANG_WARN_INFINITE_RECURSION = YES;
				CLANG_WARN_INT_CONVERSION = YES;
				CLANG_WARN_NON_LITERAL_NULL_CONVERSION = YES;
				CLANG_WARN_OBJC_IMPLICIT_RETAIN_SELF = YES;
				CLANG_WARN_OBJC_LITERAL_CONVERSION = YES;
				CLANG_WARN_OBJC_ROOT_CLASS = YES_ERROR;
				CLANG_WARN_QUOTED_INCLUDE_IN_FRAMEWORK_HEADER = YES;
				CLANG_WARN_RANGE_LOOP_ANALYSIS = YES;
				CLANG_WARN_STRICT_PROTOTYPES = YES;
				CLANG_WARN_SUSPICIOUS_MOVE = YES;
				CLANG_WARN_UNGUARDED_AVAILABILITY = YES_AGGRESSIVE;
				CLANG_WARN_UNREACHABLE_CODE = YES;
				CLANG_WARN__DUPLICATE_METHOD_MATCH = YES;
				COPY_PHASE_STRIP = NO;
				DEBUG_INFORMATION_FORMAT = "dwarf-with-dsym";
				ENABLE_NS_ASSERTIONS = NO;
				ENABLE_STRICT_OBJC_MSGSEND = YES;
				ENABLE_USER_SCRIPT_SANDBOXING = YES;
				GCC_C_LANGUAGE_STANDARD = gnu17;
				GCC_NO_COMMON_BLOCKS = YES;
				GCC_WARN_64_TO_32_BIT_CONVERSION = YES;
				GCC_WARN_ABOUT_RETURN_TYPE = YES_ERROR;
				GCC_WARN_UNDECLARED_SELECTOR = YES;
				GCC_WARN_UNINITIALIZED_AUTOS = YES_AGGRESSIVE;
				GCC_WARN_UNUSED_FUNCTION = YES;
				GCC_WARN_UNUSED_VARIABLE = YES;
				LOCALIZATION_PREFERS_STRING_CATALOGS = YES;
				MTL_ENABLE_DEBUG_INFO = NO;
				MTL_FAST_MATH = YES;
				SWIFT_COMPILATION_MODE = wholemodule;
			};
			name = Release;
		};
		AEDD42A12BE18D35004F1038 /* Debug */ = {
			isa = XCBuildConfiguration;
			buildSettings = {
				ASSETCATALOG_COMPILER_APPICON_NAME = AppIcon;
				ASSETCATALOG_COMPILER_GLOBAL_ACCENT_COLOR_NAME = AccentColor;
				CODE_SIGN_ENTITLEMENTS = RockWallAppTest/RockWallAppTest.entitlements;
				CODE_SIGN_STYLE = Automatic;
				CURRENT_PROJECT_VERSION = 1;
				DEVELOPMENT_ASSET_PATHS = "\"RockWallAppTest/Preview Content\"";
				ENABLE_PREVIEWS = YES;
				GENERATE_INFOPLIST_FILE = YES;
				"INFOPLIST_KEY_UIApplicationSceneManifest_Generation[sdk=iphoneos*]" = YES;
				"INFOPLIST_KEY_UIApplicationSceneManifest_Generation[sdk=iphonesimulator*]" = YES;
				"INFOPLIST_KEY_UIApplicationSupportsIndirectInputEvents[sdk=iphoneos*]" = YES;
				"INFOPLIST_KEY_UIApplicationSupportsIndirectInputEvents[sdk=iphonesimulator*]" = YES;
				"INFOPLIST_KEY_UILaunchScreen_Generation[sdk=iphoneos*]" = YES;
				"INFOPLIST_KEY_UILaunchScreen_Generation[sdk=iphonesimulator*]" = YES;
				"INFOPLIST_KEY_UIStatusBarStyle[sdk=iphoneos*]" = UIStatusBarStyleDefault;
				"INFOPLIST_KEY_UIStatusBarStyle[sdk=iphonesimulator*]" = UIStatusBarStyleDefault;
				INFOPLIST_KEY_UISupportedInterfaceOrientations_iPad = "UIInterfaceOrientationPortrait UIInterfaceOrientationPortraitUpsideDown UIInterfaceOrientationLandscapeLeft UIInterfaceOrientationLandscapeRight";
				INFOPLIST_KEY_UISupportedInterfaceOrientations_iPhone = "UIInterfaceOrientationPortrait UIInterfaceOrientationLandscapeLeft UIInterfaceOrientationLandscapeRight";
				IPHONEOS_DEPLOYMENT_TARGET = 17.4;
				LD_RUNPATH_SEARCH_PATHS = "@executable_path/Frameworks";
				"LD_RUNPATH_SEARCH_PATHS[sdk=macosx*]" = "@executable_path/../Frameworks";
				MACOSX_DEPLOYMENT_TARGET = 14.2;
				MARKETING_VERSION = 1.0;
				PRODUCT_BUNDLE_IDENTIFIER = whatisthis.RockWallAppTest;
				PRODUCT_NAME = "$(TARGET_NAME)";
				SDKROOT = auto;
				SUPPORTED_PLATFORMS = "iphoneos iphonesimulator macosx";
				SWIFT_EMIT_LOC_STRINGS = YES;
				SWIFT_VERSION = 5.0;
				TARGETED_DEVICE_FAMILY = "1,2";
			};
			name = Debug;
		};
		AEDD42A22BE18D35004F1038 /* Release */ = {
			isa = XCBuildConfiguration;
			buildSettings = {
				ASSETCATALOG_COMPILER_APPICON_NAME = AppIcon;
				ASSETCATALOG_COMPILER_GLOBAL_ACCENT_COLOR_NAME = AccentColor;
				CODE_SIGN_ENTITLEMENTS = RockWallAppTest/RockWallAppTest.entitlements;
				CODE_SIGN_STYLE = Automatic;
				CURRENT_PROJECT_VERSION = 1;
				DEVELOPMENT_ASSET_PATHS = "\"RockWallAppTest/Preview Content\"";
				ENABLE_PREVIEWS = YES;
				GENERATE_INFOPLIST_FILE = YES;
				"INFOPLIST_KEY_UIApplicationSceneManifest_Generation[sdk=iphoneos*]" = YES;
				"INFOPLIST_KEY_UIApplicationSceneManifest_Generation[sdk=iphonesimulator*]" = YES;
				"INFOPLIST_KEY_UIApplicationSupportsIndirectInputEvents[sdk=iphoneos*]" = YES;
				"INFOPLIST_KEY_UIApplicationSupportsIndirectInputEvents[sdk=iphonesimulator*]" = YES;
				"INFOPLIST_KEY_UILaunchScreen_Generation[sdk=iphoneos*]" = YES;
				"INFOPLIST_KEY_UILaunchScreen_Generation[sdk=iphonesimulator*]" = YES;
				"INFOPLIST_KEY_UIStatusBarStyle[sdk=iphoneos*]" = UIStatusBarStyleDefault;
				"INFOPLIST_KEY_UIStatusBarStyle[sdk=iphonesimulator*]" = UIStatusBarStyleDefault;
				INFOPLIST_KEY_UISupportedInterfaceOrientations_iPad = "UIInterfaceOrientationPortrait UIInterfaceOrientationPortraitUpsideDown UIInterfaceOrientationLandscapeLeft UIInterfaceOrientationLandscapeRight";
				INFOPLIST_KEY_UISupportedInterfaceOrientations_iPhone = "UIInterfaceOrientationPortrait UIInterfaceOrientationLandscapeLeft UIInterfaceOrientationLandscapeRight";
				IPHONEOS_DEPLOYMENT_TARGET = 17.4;
				LD_RUNPATH_SEARCH_PATHS = "@executable_path/Frameworks";
				"LD_RUNPATH_SEARCH_PATHS[sdk=macosx*]" = "@executable_path/../Frameworks";
				MACOSX_DEPLOYMENT_TARGET = 14.2;
				MARKETING_VERSION = 1.0;
				PRODUCT_BUNDLE_IDENTIFIER = whatisthis.RockWallAppTest;
				PRODUCT_NAME = "$(TARGET_NAME)";
				SDKROOT = auto;
				SUPPORTED_PLATFORMS = "iphoneos iphonesimulator macosx";
				SWIFT_EMIT_LOC_STRINGS = YES;
				SWIFT_VERSION = 5.0;
				TARGETED_DEVICE_FAMILY = "1,2";
			};
			name = Release;
		};
		AEDD42A42BE18D35004F1038 /* Debug */ = {
			isa = XCBuildConfiguration;
			buildSettings = {
				ALWAYS_EMBED_SWIFT_STANDARD_LIBRARIES = YES;
				BUNDLE_LOADER = "$(TEST_HOST)";
				CODE_SIGN_STYLE = Automatic;
				CURRENT_PROJECT_VERSION = 1;
				GENERATE_INFOPLIST_FILE = YES;
				IPHONEOS_DEPLOYMENT_TARGET = 17.4;
				MACOSX_DEPLOYMENT_TARGET = 14.2;
				MARKETING_VERSION = 1.0;
				PRODUCT_BUNDLE_IDENTIFIER = whatisthis.RockWallAppTestTests;
				PRODUCT_NAME = "$(TARGET_NAME)";
				SDKROOT = auto;
				SUPPORTED_PLATFORMS = "iphoneos iphonesimulator macosx";
				SWIFT_EMIT_LOC_STRINGS = NO;
				SWIFT_VERSION = 5.0;
				TARGETED_DEVICE_FAMILY = "1,2";
				TEST_HOST = "$(BUILT_PRODUCTS_DIR)/RockWallAppTest.app/$(BUNDLE_EXECUTABLE_FOLDER_PATH)/RockWallAppTest";
			};
			name = Debug;
		};
		AEDD42A52BE18D35004F1038 /* Release */ = {
			isa = XCBuildConfiguration;
			buildSettings = {
				ALWAYS_EMBED_SWIFT_STANDARD_LIBRARIES = YES;
				BUNDLE_LOADER = "$(TEST_HOST)";
				CODE_SIGN_STYLE = Automatic;
				CURRENT_PROJECT_VERSION = 1;
				GENERATE_INFOPLIST_FILE = YES;
				IPHONEOS_DEPLOYMENT_TARGET = 17.4;
				MACOSX_DEPLOYMENT_TARGET = 14.2;
				MARKETING_VERSION = 1.0;
				PRODUCT_BUNDLE_IDENTIFIER = whatisthis.RockWallAppTestTests;
				PRODUCT_NAME = "$(TARGET_NAME)";
				SDKROOT = auto;
				SUPPORTED_PLATFORMS = "iphoneos iphonesimulator macosx";
				SWIFT_EMIT_LOC_STRINGS = NO;
				SWIFT_VERSION = 5.0;
				TARGETED_DEVICE_FAMILY = "1,2";
				TEST_HOST = "$(BUILT_PRODUCTS_DIR)/RockWallAppTest.app/$(BUNDLE_EXECUTABLE_FOLDER_PATH)/RockWallAppTest";
			};
			name = Release;
		};
		AEDD42A72BE18D35004F1038 /* Debug */ = {
			isa = XCBuildConfiguration;
			buildSettings = {
				ALWAYS_EMBED_SWIFT_STANDARD_LIBRARIES = YES;
				CODE_SIGN_STYLE = Automatic;
				CURRENT_PROJECT_VERSION = 1;
				GENERATE_INFOPLIST_FILE = YES;
				IPHONEOS_DEPLOYMENT_TARGET = 17.4;
				MACOSX_DEPLOYMENT_TARGET = 14.2;
				MARKETING_VERSION = 1.0;
				PRODUCT_BUNDLE_IDENTIFIER = whatisthis.RockWallAppTestUITests;
				PRODUCT_NAME = "$(TARGET_NAME)";
				SDKROOT = auto;
				SUPPORTED_PLATFORMS = "iphoneos iphonesimulator macosx";
				SWIFT_EMIT_LOC_STRINGS = NO;
				SWIFT_VERSION = 5.0;
				TARGETED_DEVICE_FAMILY = "1,2";
				TEST_TARGET_NAME = RockWallAppTest;
			};
			name = Debug;
		};
		AEDD42A82BE18D35004F1038 /* Release */ = {
			isa = XCBuildConfiguration;
			buildSettings = {
				ALWAYS_EMBED_SWIFT_STANDARD_LIBRARIES = YES;
				CODE_SIGN_STYLE = Automatic;
				CURRENT_PROJECT_VERSION = 1;
				GENERATE_INFOPLIST_FILE = YES;
				IPHONEOS_DEPLOYMENT_TARGET = 17.4;
				MACOSX_DEPLOYMENT_TARGET = 14.2;
				MARKETING_VERSION = 1.0;
				PRODUCT_BUNDLE_IDENTIFIER = whatisthis.RockWallAppTestUITests;
				PRODUCT_NAME = "$(TARGET_NAME)";
				SDKROOT = auto;
				SUPPORTED_PLATFORMS = "iphoneos iphonesimulator macosx";
				SWIFT_EMIT_LOC_STRINGS = NO;
				SWIFT_VERSION = 5.0;
				TARGETED_DEVICE_FAMILY = "1,2";
				TEST_TARGET_NAME = RockWallAppTest;
			};
			name = Release;
		};
/* End XCBuildConfiguration section */

/* Begin XCConfigurationList section */
		AEDD42762BE18D34004F1038 /* Build configuration list for PBXProject "RockWallAppTest" */ = {
			isa = XCConfigurationList;
			buildConfigurations = (
				AEDD429E2BE18D35004F1038 /* Debug */,
				AEDD429F2BE18D35004F1038 /* Release */,
			);
			defaultConfigurationIsVisible = 0;
			defaultConfigurationName = Release;
		};
		AEDD42A02BE18D35004F1038 /* Build configuration list for PBXNativeTarget "RockWallAppTest" */ = {
			isa = XCConfigurationList;
			buildConfigurations = (
				AEDD42A12BE18D35004F1038 /* Debug */,
				AEDD42A22BE18D35004F1038 /* Release */,
			);
			defaultConfigurationIsVisible = 0;
			defaultConfigurationName = Release;
		};
		AEDD42A32BE18D35004F1038 /* Build configuration list for PBXNativeTarget "RockWallAppTestTests" */ = {
			isa = XCConfigurationList;
			buildConfigurations = (
				AEDD42A42BE18D35004F1038 /* Debug */,
				AEDD42A52BE18D35004F1038 /* Release */,
			);
			defaultConfigurationIsVisible = 0;
			defaultConfigurationName = Release;
		};
		AEDD42A62BE18D35004F1038 /* Build configuration list for PBXNativeTarget "RockWallAppTestUITests" */ = {
			isa = XCConfigurationList;
			buildConfigurations = (
				AEDD42A72BE18D35004F1038 /* Debug */,
				AEDD42A82BE18D35004F1038 /* Release */,
			);
			defaultConfigurationIsVisible = 0;
			defaultConfigurationName = Release;
		};
/* End XCConfigurationList section */
	};
	rootObject = AEDD42732BE18D34004F1038 /* Project object */;
}
